
Microsoft Visual Studio Solution File, Format Version 12.00
# Visual Studio 14
VisualStudioVersion = 14.0.25420.1
MinimumVisualStudioVersion = 10.0.40219.1
Project("{FAE04EC0-301F-11D3-BF4B-00C04F79EFBC}") = "BO", "BO\BO.csproj", "{87FBBD34-3F0D-4E14-A4BC-B19FE7494DFC}"
EndProject
Project("{FAE04EC0-301F-11D3-BF4B-00C04F79EFBC}") = "Negocio", "Negocio\Negocio.csproj", "{7B8183FB-F788-435F-827C-5A8123A016F6}"
EndProject
Global
	GlobalSection(SolutionConfigurationPlatforms) = preSolution
		Debug|Any CPU = Debug|Any CPU
		Release|Any CPU = Release|Any CPU
	EndGlobalSection
	GlobalSection(ProjectConfigurationPlatforms) = postSolution
		{87FBBD34-3F0D-4E14-A4BC-B19FE7494DFC}.Debug|Any CPU.ActiveCfg = Debug|Any CPU
		{87FBBD34-3F0D-4E14-A4BC-B19FE7494DFC}.Debug|Any CPU.Build.0 = Debug|Any CPU
		{87FBBD34-3F0D-4E14-A4BC-B19FE7494DFC}.Release|Any CPU.ActiveCfg = Release|Any CPU
		{87FBBD34-3F0D-4E14-A4BC-B19FE7494DFC}.Release|Any CPU.Build.0 = Release|Any CPU
		{7B8183FB-F788-435F-827C-5A8123A016F6}.Debug|Any CPU.ActiveCfg = Debug|Any CPU
		{7B8183FB-F788-435F-827C-5A8123A016F6}.Debug|Any CPU.Build.0 = Debug|Any CPU
		{7B8183FB-F788-435F-827C-5A8123A016F6}.Release|Any CPU.ActiveCfg = Release|Any CPU
		{7B8183FB-F788-435F-827C-5A8123A016F6}.Release|Any CPU.Build.0 = Release|Any CPU
	EndGlobalSection
	GlobalSection(SolutionProperties) = preSolution
		HideSolutionNode = FALSE
	EndGlobalSection
EndGlobal
